<?xml version="1.0" encoding="utf-8"?>
<Project ToolsVersion="4.0" xmlns="http://schemas.microsoft.com/developer/msbuild/2003">
  <ItemGroup>
    <Filter Include="Source Files">
      <UniqueIdentifier>{4FC737F1-C7A5-4376-A066-2A32D752A2FF}</UniqueIdentifier>
      <Extensions>cpp;c;cc;cxx;c++;cppm;ixx;def;odl;idl;hpj;bat;asm;asmx</Extensions>
    </Filter>
    <Filter Include="Header Files">
      <UniqueIdentifier>{93995380-89BD-4b04-88EB-625FBE52EBFB}</UniqueIdentifier>
      <Extensions>h;hh;hpp;hxx;h++;hm;inl;inc;ipp;xsd</Extensions>
    </Filter>
    <Filter Include="Resource Files">
      <UniqueIdentifier>{67DA6AB6-F800-4c08-8B7A-83BB121AAD01}</UniqueIdentifier>
      <Extensions>rc;ico;cur;bmp;dlg;rc2;rct;bin;rgs;gif;jpg;jpeg;jpe;resx;tiff;tif;png;wav;mfcribbon-ms</Extensions>
    </Filter>
    <Filter Include="Source Files\Button">
      <UniqueIdentifier>{afefeda6-a6b0-49fb-b64b-80909a7c6228}</UniqueIdentifier>
    </Filter>
    <Filter Include="Source Files\B_Spline">
      <UniqueIdentifier>{e34a3b54-9f68-4836-a3e4-6b1bf2ad3029}</UniqueIdentifier>
    </Filter>
    <Filter Include="Source Files\Point3D">
      <UniqueIdentifier>{ff0ead8e-608c-4cdd-9a03-9a91ec60c488}</UniqueIdentifier>
    </Filter>
    <Filter Include="Source Files\Bezier">
      <UniqueIdentifier>{92fc89d3-ffaf-4823-9151-f70247319b42}</UniqueIdentifier>
    </Filter>
  </ItemGroup>
  <ItemGroup>
    <ClCompile Include="main.cpp">
      <Filter>Source Files</Filter>
    </ClCompile>
    <ClCompile Include="button.cpp">
      <Filter>Source Files\Button</Filter>
    </ClCompile>
    <ClCompile Include="spline.cpp">
      <Filter>Source Files\B_Spline</Filter>
    </ClCompile>
    <ClCompile Include="Point3DUtils.cpp">
      <Filter>Source Files\Point3D</Filter>
    </ClCompile>
    <ClCompile Include="bezier.cpp">
      <Filter>Source Files\Bezier</Filter>
    </ClCompile>
  </ItemGroup>
  <ItemGroup>
    <ClInclude Include="button.h">
      <Filter>Source Files\Button</Filter>
    </ClInclude>
    <ClInclude Include="spline.h">
      <Filter>Source Files\B_Spline</Filter>
    </ClInclude>
    <ClInclude Include="Point3D.h">
      <Filter>Source Files\Point3D</Filter>
    </ClInclude>
    <ClInclude Include="SurfaceTypes.h">
      <Filter>Header Files</Filter>
    </ClInclude>
    <ClInclude Include="Point3DUtils.h">
      <Filter>Source Files\Point3D</Filter>
    </ClInclude>
    <ClInclude Include="bezier.h">
      <Filter>Source Files\Bezier</Filter>
    </ClInclude>
  </ItemGroup>
</Project>